// !$*UTF8*$!
{
	archiveVersion = 1;
	classes = {
	};
	objectVersion = 60;
	objects = {

/* Begin PBXBuildFile section */
		56DD0EA52C2F690A00A52382 /* FB14083137App.swift in Sources */ = {isa = PBXBuildFile; fileRef = 56DD0EA42C2F690A00A52382 /* FB14083137App.swift */; };
		56DD0EA72C2F690A00A52382 /* ContentView.swift in Sources */ = {isa = PBXBuildFile; fileRef = 56DD0EA62C2F690A00A52382 /* ContentView.swift */; };
		56DD0EA92C2F690A00A52382 /* Item.swift in Sources */ = {isa = PBXBuildFile; fileRef = 56DD0EA82C2F690A00A52382 /* Item.swift */; };
		56DD0EAB2C2F690C00A52382 /* Assets.xcassets in Resources */ = {isa = PBXBuildFile; fileRef = 56DD0EAA2C2F690C00A52382 /* Assets.xcassets */; };
		56DD0EAF2C2F690C00A52382 /* Preview Assets.xcassets in Resources */ = {isa = PBXBuildFile; fileRef = 56DD0EAE2C2F690C00A52382 /* Preview Assets.xcassets */; };
		56DD0EB92C2F690C00A52382 /* FB14083137Tests.swift in Sources */ = {isa = PBXBuildFile; fileRef = 56DD0EB82C2F690C00A52382 /* FB14083137Tests.swift */; };
		56DD0EC32C2F690C00A52382 /* FB14083137UITests.swift in Sources */ = {isa = PBXBuildFile; fileRef = 56DD0EC22C2F690C00A52382 /* FB14083137UITests.swift */; };
		56DD0EC52C2F690C00A52382 /* FB14083137UITestsLaunchTests.swift in Sources */ = {isa = PBXBuildFile; fileRef = 56DD0EC42C2F690C00A52382 /* FB14083137UITestsLaunchTests.swift */; };
		56DD0EDA2C2F6A1A00A52382 /* Customer.swift in Sources */ = {isa = PBXBuildFile; fileRef = 56DD0ED92C2F6A1A00A52382 /* Customer.swift */; };
		56DD0EDB2C2F6A1A00A52382 /* Address.swift in Sources */ = {isa = PBXBuildFile; fileRef = 56DD0ED82C2F6A1A00A52382 /* Address.swift */; };
		56DD0EDD2C2F7A3200A52382 /* Extensions.swift in Sources */ = {isa = PBXBuildFile; fileRef = 56DD0EDC2C2F7A2C00A52382 /* Extensions.swift */; };
		56DD0EE02C2F812B00A52382 /* Invoice.swift in Sources */ = {isa = PBXBuildFile; fileRef = 56DD0EDE2C2F812B00A52382 /* Invoice.swift */; };
		56DD0EE12C2F812B00A52382 /* Quote.swift in Sources */ = {isa = PBXBuildFile; fileRef = 56DD0EDF2C2F812B00A52382 /* Quote.swift */; };
		56DD0EE32C2F82D600A52382 /* SyncResult.swift in Sources */ = {isa = PBXBuildFile; fileRef = 56DD0EE22C2F82D300A52382 /* SyncResult.swift */; };
		56DD0EE52C2F866E00A52382 /* FBDatabase.swift in Sources */ = {isa = PBXBuildFile; fileRef = 56DD0EE42C2F866900A52382 /* FBDatabase.swift */; };
		56DD0EE82C2F924F00A52382 /* SampleData.swift in Sources */ = {isa = PBXBuildFile; fileRef = 56DD0EE72C2F924600A52382 /* SampleData.swift */; };
		56DD0EEB2C2F94AC00A52382 /* FBCoder.swift in Sources */ = {isa = PBXBuildFile; fileRef = 56DD0EEA2C2F94AC00A52382 /* FBCoder.swift */; };
		56DD0EED2C2F950B00A52382 /* LoadData.swift in Sources */ = {isa = PBXBuildFile; fileRef = 56DD0EEC2C2F94EF00A52382 /* LoadData.swift */; };
/* End PBXBuildFile section */

/* Begin PBXContainerItemProxy section */
		56DD0EB52C2F690C00A52382 /* PBXContainerItemProxy */ = {
			isa = PBXContainerItemProxy;
			containerPortal = 56DD0E992C2F690A00A52382 /* Project object */;
			proxyType = 1;
			remoteGlobalIDString = 56DD0EA02C2F690A00A52382;
			remoteInfo = FB14083137;
		};
		56DD0EBF2C2F690C00A52382 /* PBXContainerItemProxy */ = {
			isa = PBXContainerItemProxy;
			containerPortal = 56DD0E992C2F690A00A52382 /* Project object */;
			proxyType = 1;
			remoteGlobalIDString = 56DD0EA02C2F690A00A52382;
			remoteInfo = FB14083137;
		};
/* End PBXContainerItemProxy section */

/* Begin PBXFileReference section */
		56DD0EA12C2F690A00A52382 /* FB14083137.app */ = {isa = PBXFileReference; explicitFileType = wrapper.application; includeInIndex = 0; path = FB14083137.app; sourceTree = BUILT_PRODUCTS_DIR; };
		56DD0EA42C2F690A00A52382 /* FB14083137App.swift */ = {isa = PBXFileReference; lastKnownFileType = sourcecode.swift; path = FB14083137App.swift; sourceTree = "<group>"; };
		56DD0EA62C2F690A00A52382 /* ContentView.swift */ = {isa = PBXFileReference; lastKnownFileType = sourcecode.swift; path = ContentView.swift; sourceTree = "<group>"; };
		56DD0EA82C2F690A00A52382 /* Item.swift */ = {isa = PBXFileReference; lastKnownFileType = sourcecode.swift; path = Item.swift; sourceTree = "<group>"; };
		56DD0EAA2C2F690C00A52382 /* Assets.xcassets */ = {isa = PBXFileReference; lastKnownFileType = folder.assetcatalog; path = Assets.xcassets; sourceTree = "<group>"; };
		56DD0EAC2C2F690C00A52382 /* FB14083137.entitlements */ = {isa = PBXFileReference; lastKnownFileType = text.plist.entitlements; path = FB14083137.entitlements; sourceTree = "<group>"; };
		56DD0EAE2C2F690C00A52382 /* Preview Assets.xcassets */ = {isa = PBXFileReference; lastKnownFileType = folder.assetcatalog; path = "Preview Assets.xcassets"; sourceTree = "<group>"; };
		56DD0EB42C2F690C00A52382 /* FB14083137Tests.xctest */ = {isa = PBXFileReference; explicitFileType = wrapper.cfbundle; includeInIndex = 0; path = FB14083137Tests.xctest; sourceTree = BUILT_PRODUCTS_DIR; };
		56DD0EB82C2F690C00A52382 /* FB14083137Tests.swift */ = {isa = PBXFileReference; lastKnownFileType = sourcecode.swift; path = FB14083137Tests.swift; sourceTree = "<group>"; };
		56DD0EBE2C2F690C00A52382 /* FB14083137UITests.xctest */ = {isa = PBXFileReference; explicitFileType = wrapper.cfbundle; includeInIndex = 0; path = FB14083137UITests.xctest; sourceTree = BUILT_PRODUCTS_DIR; };
		56DD0EC22C2F690C00A52382 /* FB14083137UITests.swift */ = {isa = PBXFileReference; lastKnownFileType = sourcecode.swift; path = FB14083137UITests.swift; sourceTree = "<group>"; };
		56DD0EC42C2F690C00A52382 /* FB14083137UITestsLaunchTests.swift */ = {isa = PBXFileReference; lastKnownFileType = sourcecode.swift; path = FB14083137UITestsLaunchTests.swift; sourceTree = "<group>"; };
		56DD0ED82C2F6A1A00A52382 /* Address.swift */ = {isa = PBXFileReference; lastKnownFileType = sourcecode.swift; path = Address.swift; sourceTree = "<group>"; };
		56DD0ED92C2F6A1A00A52382 /* Customer.swift */ = {isa = PBXFileReference; lastKnownFileType = sourcecode.swift; path = Customer.swift; sourceTree = "<group>"; };
		56DD0EDC2C2F7A2C00A52382 /* Extensions.swift */ = {isa = PBXFileReference; lastKnownFileType = sourcecode.swift; path = Extensions.swift; sourceTree = "<group>"; };
		56DD0EDE2C2F812B00A52382 /* Invoice.swift */ = {isa = PBXFileReference; lastKnownFileType = sourcecode.swift; path = Invoice.swift; sourceTree = "<group>"; };
		56DD0EDF2C2F812B00A52382 /* Quote.swift */ = {isa = PBXFileReference; lastKnownFileType = sourcecode.swift; path = Quote.swift; sourceTree = "<group>"; };
		56DD0EE22C2F82D300A52382 /* SyncResult.swift */ = {isa = PBXFileReference; lastKnownFileType = sourcecode.swift; path = SyncResult.swift; sourceTree = "<group>"; };
		56DD0EE42C2F866900A52382 /* FBDatabase.swift */ = {isa = PBXFileReference; lastKnownFileType = sourcecode.swift; path = FBDatabase.swift; sourceTree = "<group>"; };
		56DD0EE72C2F924600A52382 /* SampleData.swift */ = {isa = PBXFileReference; lastKnownFileType = sourcecode.swift; path = SampleData.swift; sourceTree = "<group>"; };
		56DD0EEA2C2F94AC00A52382 /* FBCoder.swift */ = {isa = PBXFileReference; lastKnownFileType = sourcecode.swift; path = FBCoder.swift; sourceTree = "<group>"; };
		56DD0EEC2C2F94EF00A52382 /* LoadData.swift */ = {isa = PBXFileReference; lastKnownFileType = sourcecode.swift; path = LoadData.swift; sourceTree = "<group>"; };
		56DDB70E2CA8AB4100CF06DD /* FB14083137.xctestplan */ = {isa = PBXFileReference; lastKnownFileType = text; path = FB14083137.xctestplan; sourceTree = "<group>"; };
/* End PBXFileReference section */

/* Begin PBXFrameworksBuildPhase section */
		56DD0E9E2C2F690A00A52382 /* Frameworks */ = {
			isa = PBXFrameworksBuildPhase;
			buildActionMask = 2147483647;
			files = (
			);
			runOnlyForDeploymentPostprocessing = 0;
		};
		56DD0EB12C2F690C00A52382 /* Frameworks */ = {
			isa = PBXFrameworksBuildPhase;
			buildActionMask = 2147483647;
			files = (
			);
			runOnlyForDeploymentPostprocessing = 0;
		};
		56DD0EBB2C2F690C00A52382 /* Frameworks */ = {
			isa = PBXFrameworksBuildPhase;
			buildActionMask = 2147483647;
			files = (
			);
			runOnlyForDeploymentPostprocessing = 0;
		};
/* End PBXFrameworksBuildPhase section */

/* Begin PBXGroup section */
		56DD0E982C2F690A00A52382 = {
			isa = PBXGroup;
			children = (
				56DDB70E2CA8AB4100CF06DD /* FB14083137.xctestplan */,
				56DD0EA32C2F690A00A52382 /* FB14083137 */,
				56DD0EB72C2F690C00A52382 /* FB14083137Tests */,
				56DD0EC12C2F690C00A52382 /* FB14083137UITests */,
				56DD0EA22C2F690A00A52382 /* Products */,
			);
			sourceTree = "<group>";
		};
		56DD0EA22C2F690A00A52382 /* Products */ = {
			isa = PBXGroup;
			children = (
				56DD0EA12C2F690A00A52382 /* FB14083137.app */,
				56DD0EB42C2F690C00A52382 /* FB14083137Tests.xctest */,
				56DD0EBE2C2F690C00A52382 /* FB14083137UITests.xctest */,
			);
			name = Products;
			sourceTree = "<group>";
		};
		56DD0EA32C2F690A00A52382 /* FB14083137 */ = {
			isa = PBXGroup;
			children = (
				56DD0EEE2C2F99B200A52382 /* SampleData */,
				56DD0EE62C2F875200A52382 /* Actors */,
				56DD0ED32C2F696C00A52382 /* Application */,
				56DD0ED42C2F697D00A52382 /* Assets */,
				56DD0ED12C2F695300A52382 /* DataModel */,
				56DD0EAC2C2F690C00A52382 /* FB14083137.entitlements */,
				56DD0EAD2C2F690C00A52382 /* Preview Content */,
				56DD0ED22C2F695F00A52382 /* Scenes */,
				56DD0EE92C2F948800A52382 /* Utility */,
			);
			path = FB14083137;
			sourceTree = "<group>";
		};
		56DD0EAD2C2F690C00A52382 /* Preview Content */ = {
			isa = PBXGroup;
			children = (
				56DD0EAE2C2F690C00A52382 /* Preview Assets.xcassets */,
			);
			path = "Preview Content";
			sourceTree = "<group>";
		};
		56DD0EB72C2F690C00A52382 /* FB14083137Tests */ = {
			isa = PBXGroup;
			children = (
				56DD0EB82C2F690C00A52382 /* FB14083137Tests.swift */,
			);
			path = FB14083137Tests;
			sourceTree = "<group>";
		};
		56DD0EC12C2F690C00A52382 /* FB14083137UITests */ = {
			isa = PBXGroup;
			children = (
				56DD0EC22C2F690C00A52382 /* FB14083137UITests.swift */,
				56DD0EC42C2F690C00A52382 /* FB14083137UITestsLaunchTests.swift */,
			);
			path = FB14083137UITests;
			sourceTree = "<group>";
		};
		56DD0ED12C2F695300A52382 /* DataModel */ = {
			isa = PBXGroup;
			children = (
				56DD0EE42C2F866900A52382 /* FBDatabase.swift */,
				56DD0EE22C2F82D300A52382 /* SyncResult.swift */,
				56DD0ED82C2F6A1A00A52382 /* Address.swift */,
				56DD0ED92C2F6A1A00A52382 /* Customer.swift */,
				56DD0EDE2C2F812B00A52382 /* Invoice.swift */,
				56DD0EA82C2F690A00A52382 /* Item.swift */,
				56DD0EDF2C2F812B00A52382 /* Quote.swift */,
				56DD0EDC2C2F7A2C00A52382 /* Extensions.swift */,
			);
			path = DataModel;
			sourceTree = "<group>";
		};
		56DD0ED22C2F695F00A52382 /* Scenes */ = {
			isa = PBXGroup;
			children = (
				56DD0EA62C2F690A00A52382 /* ContentView.swift */,
			);
			path = Scenes;
			sourceTree = "<group>";
		};
		56DD0ED32C2F696C00A52382 /* Application */ = {
			isa = PBXGroup;
			children = (
				56DD0EA42C2F690A00A52382 /* FB14083137App.swift */,
			);
			path = Application;
			sourceTree = "<group>";
		};
		56DD0ED42C2F697D00A52382 /* Assets */ = {
			isa = PBXGroup;
			children = (
				56DD0EAA2C2F690C00A52382 /* Assets.xcassets */,
			);
			path = Assets;
			sourceTree = "<group>";
		};
		56DD0EE62C2F875200A52382 /* Actors */ = {
			isa = PBXGroup;
			children = (
				56DD0EEC2C2F94EF00A52382 /* LoadData.swift */,
			);
			path = Actors;
			sourceTree = "<group>";
		};
		56DD0EE92C2F948800A52382 /* Utility */ = {
			isa = PBXGroup;
			children = (
				56DD0EEA2C2F94AC00A52382 /* FBCoder.swift */,
			);
			path = Utility;
			sourceTree = "<group>";
		};
		56DD0EEE2C2F99B200A52382 /* SampleData */ = {
			isa = PBXGroup;
			children = (
				56DD0EE72C2F924600A52382 /* SampleData.swift */,
			);
			path = SampleData;
			sourceTree = "<group>";
		};
/* End PBXGroup section */

/* Begin PBXNativeTarget section */
		56DD0EA02C2F690A00A52382 /* FB14083137 */ = {
			isa = PBXNativeTarget;
			buildConfigurationList = 56DD0EC82C2F690C00A52382 /* Build configuration list for PBXNativeTarget "FB14083137" */;
			buildPhases = (
				56DD0E9D2C2F690A00A52382 /* Sources */,
				56DD0E9E2C2F690A00A52382 /* Frameworks */,
				56DD0E9F2C2F690A00A52382 /* Resources */,
			);
			buildRules = (
			);
			dependencies = (
			);
			name = FB14083137;
			productName = FB14083137;
			productReference = 56DD0EA12C2F690A00A52382 /* FB14083137.app */;
			productType = "com.apple.product-type.application";
		};
		56DD0EB32C2F690C00A52382 /* FB14083137Tests */ = {
			isa = PBXNativeTarget;
			buildConfigurationList = 56DD0ECB2C2F690C00A52382 /* Build configuration list for PBXNativeTarget "FB14083137Tests" */;
			buildPhases = (
				56DD0EB02C2F690C00A52382 /* Sources */,
				56DD0EB12C2F690C00A52382 /* Frameworks */,
				56DD0EB22C2F690C00A52382 /* Resources */,
			);
			buildRules = (
			);
			dependencies = (
				56DD0EB62C2F690C00A52382 /* PBXTargetDependency */,
			);
			name = FB14083137Tests;
			productName = FB14083137Tests;
			productReference = 56DD0EB42C2F690C00A52382 /* FB14083137Tests.xctest */;
			productType = "com.apple.product-type.bundle.unit-test";
		};
		56DD0EBD2C2F690C00A52382 /* FB14083137UITests */ = {
			isa = PBXNativeTarget;
			buildConfigurationList = 56DD0ECE2C2F690C00A52382 /* Build configuration list for PBXNativeTarget "FB14083137UITests" */;
			buildPhases = (
				56DD0EBA2C2F690C00A52382 /* Sources */,
				56DD0EBB2C2F690C00A52382 /* Frameworks */,
				56DD0EBC2C2F690C00A52382 /* Resources */,
			);
			buildRules = (
			);
			dependencies = (
				56DD0EC02C2F690C00A52382 /* PBXTargetDependency */,
			);
			name = FB14083137UITests;
			productName = FB14083137UITests;
			productReference = 56DD0EBE2C2F690C00A52382 /* FB14083137UITests.xctest */;
			productType = "com.apple.product-type.bundle.ui-testing";
		};
/* End PBXNativeTarget section */

/* Begin PBXProject section */
		56DD0E992C2F690A00A52382 /* Project object */ = {
			isa = PBXProject;
			attributes = {
				BuildIndependentTargetsInParallel = 1;
				LastSwiftUpdateCheck = 1600;
				LastUpgradeCheck = 1610;
				TargetAttributes = {
					56DD0EA02C2F690A00A52382 = {
						CreatedOnToolsVersion = 16.0;
					};
					56DD0EB32C2F690C00A52382 = {
						CreatedOnToolsVersion = 16.0;
						TestTargetID = 56DD0EA02C2F690A00A52382;
					};
					56DD0EBD2C2F690C00A52382 = {
						CreatedOnToolsVersion = 16.0;
						TestTargetID = 56DD0EA02C2F690A00A52382;
					};
				};
			};
			buildConfigurationList = 56DD0E9C2C2F690A00A52382 /* Build configuration list for PBXProject "FB14083137" */;
			compatibilityVersion = "Xcode 15.0";
			developmentRegion = en;
			hasScannedForEncodings = 0;
			knownRegions = (
				en,
				Base,
			);
			mainGroup = 56DD0E982C2F690A00A52382;
			productRefGroup = 56DD0EA22C2F690A00A52382 /* Products */;
			projectDirPath = "";
			projectRoot = "";
			targets = (
				56DD0EA02C2F690A00A52382 /* FB14083137 */,
				56DD0EB32C2F690C00A52382 /* FB14083137Tests */,
				56DD0EBD2C2F690C00A52382 /* FB14083137UITests */,
			);
		};
/* End PBXProject section */

/* Begin PBXResourcesBuildPhase section */
		56DD0E9F2C2F690A00A52382 /* Resources */ = {
			isa = PBXResourcesBuildPhase;
			buildActionMask = 2147483647;
			files = (
				56DD0EAF2C2F690C00A52382 /* Preview Assets.xcassets in Resources */,
				56DD0EAB2C2F690C00A52382 /* Assets.xcassets in Resources */,
			);
			runOnlyForDeploymentPostprocessing = 0;
		};
		56DD0EB22C2F690C00A52382 /* Resources */ = {
			isa = PBXResourcesBuildPhase;
			buildActionMask = 2147483647;
			files = (
			);
			runOnlyForDeploymentPostprocessing = 0;
		};
		56DD0EBC2C2F690C00A52382 /* Resources */ = {
			isa = PBXResourcesBuildPhase;
			buildActionMask = 2147483647;
			files = (
			);
			runOnlyForDeploymentPostprocessing = 0;
		};
/* End PBXResourcesBuildPhase section */

/* Begin PBXSourcesBuildPhase section */
		56DD0E9D2C2F690A00A52382 /* Sources */ = {
			isa = PBXSourcesBuildPhase;
			buildActionMask = 2147483647;
			files = (
				56DD0EED2C2F950B00A52382 /* LoadData.swift in Sources */,
				56DD0EE32C2F82D600A52382 /* SyncResult.swift in Sources */,
				56DD0EA72C2F690A00A52382 /* ContentView.swift in Sources */,
				56DD0EA92C2F690A00A52382 /* Item.swift in Sources */,
				56DD0EA52C2F690A00A52382 /* FB14083137App.swift in Sources */,
				56DD0EE82C2F924F00A52382 /* SampleData.swift in Sources */,
				56DD0EEB2C2F94AC00A52382 /* FBCoder.swift in Sources */,
				56DD0EDD2C2F7A3200A52382 /* Extensions.swift in Sources */,
				56DD0EE02C2F812B00A52382 /* Invoice.swift in Sources */,
				56DD0EE12C2F812B00A52382 /* Quote.swift in Sources */,
				56DD0EDA2C2F6A1A00A52382 /* Customer.swift in Sources */,
				56DD0EE52C2F866E00A52382 /* FBDatabase.swift in Sources */,
				56DD0EDB2C2F6A1A00A52382 /* Address.swift in Sources */,
			);
			runOnlyForDeploymentPostprocessing = 0;
		};
		56DD0EB02C2F690C00A52382 /* Sources */ = {
			isa = PBXSourcesBuildPhase;
			buildActionMask = 2147483647;
			files = (
				56DD0EB92C2F690C00A52382 /* FB14083137Tests.swift in Sources */,
			);
			runOnlyForDeploymentPostprocessing = 0;
		};
		56DD0EBA2C2F690C00A52382 /* Sources */ = {
			isa = PBXSourcesBuildPhase;
			buildActionMask = 2147483647;
			files = (
				56DD0EC32C2F690C00A52382 /* FB14083137UITests.swift in Sources */,
				56DD0EC52C2F690C00A52382 /* FB14083137UITestsLaunchTests.swift in Sources */,
			);
			runOnlyForDeploymentPostprocessing = 0;
		};
/* End PBXSourcesBuildPhase section */

/* Begin PBXTargetDependency section */
		56DD0EB62C2F690C00A52382 /* PBXTargetDependency */ = {
			isa = PBXTargetDependency;
			target = 56DD0EA02C2F690A00A52382 /* FB14083137 */;
			targetProxy = 56DD0EB52C2F690C00A52382 /* PBXContainerItemProxy */;
		};
		56DD0EC02C2F690C00A52382 /* PBXTargetDependency */ = {
			isa = PBXTargetDependency;
			target = 56DD0EA02C2F690A00A52382 /* FB14083137 */;
			targetProxy = 56DD0EBF2C2F690C00A52382 /* PBXContainerItemProxy */;
		};
/* End PBXTargetDependency section */

/* Begin XCBuildConfiguration section */
		56DD0EC62C2F690C00A52382 /* Debug */ = {
			isa = XCBuildConfiguration;
			buildSettings = {
				ALWAYS_SEARCH_USER_PATHS = NO;
				ASSETCATALOG_COMPILER_GENERATE_SWIFT_ASSET_SYMBOL_EXTENSIONS = YES;
				CLANG_ANALYZER_NONNULL = YES;
				CLANG_ANALYZER_NUMBER_OBJECT_CONVERSION = YES_AGGRESSIVE;
				CLANG_CXX_LANGUAGE_STANDARD = "gnu++20";
				CLANG_ENABLE_MODULES = YES;
				CLANG_ENABLE_OBJC_ARC = YES;
				CLANG_ENABLE_OBJC_WEAK = YES;
				CLANG_WARN_BLOCK_CAPTURE_AUTORELEASING = YES;
				CLANG_WARN_BOOL_CONVERSION = YES;
				CLANG_WARN_COMMA = YES;
				CLANG_WARN_CONSTANT_CONVERSION = YES;
				CLANG_WARN_DEPRECATED_OBJC_IMPLEMENTATIONS = YES;
				CLANG_WARN_DIRECT_OBJC_ISA_USAGE = YES_ERROR;
				CLANG_WARN_DOCUMENTATION_COMMENTS = YES;
				CLANG_WARN_EMPTY_BODY = YES;
				CLANG_WARN_ENUM_CONVERSION = YES;
				CLANG_WARN_INFINITE_RECURSION = YES;
				CLANG_WARN_INT_CONVERSION = YES;
				CLANG_WARN_NON_LITERAL_NULL_CONVERSION = YES;
				CLANG_WARN_OBJC_IMPLICIT_RETAIN_SELF = YES;
				CLANG_WARN_OBJC_LITERAL_CONVERSION = YES;
				CLANG_WARN_OBJC_ROOT_CLASS = YES_ERROR;
				CLANG_WARN_QUOTED_INCLUDE_IN_FRAMEWORK_HEADER = YES;
				CLANG_WARN_RANGE_LOOP_ANALYSIS = YES;
				CLANG_WARN_STRICT_PROTOTYPES = YES;
				CLANG_WARN_SUSPICIOUS_MOVE = YES;
				CLANG_WARN_UNGUARDED_AVAILABILITY = YES_AGGRESSIVE;
				CLANG_WARN_UNREACHABLE_CODE = YES;
				CLANG_WARN__DUPLICATE_METHOD_MATCH = YES;
				COPY_PHASE_STRIP = NO;
				DEAD_CODE_STRIPPING = YES;
				DEBUG_INFORMATION_FORMAT = dwarf;
				ENABLE_STRICT_OBJC_MSGSEND = YES;
				ENABLE_TESTABILITY = YES;
				ENABLE_USER_SCRIPT_SANDBOXING = YES;
				GCC_C_LANGUAGE_STANDARD = gnu17;
				GCC_DYNAMIC_NO_PIC = NO;
				GCC_NO_COMMON_BLOCKS = YES;
				GCC_OPTIMIZATION_LEVEL = 0;
				GCC_PREPROCESSOR_DEFINITIONS = (
					"DEBUG=1",
					"$(inherited)",
				);
				GCC_WARN_64_TO_32_BIT_CONVERSION = YES;
				GCC_WARN_ABOUT_RETURN_TYPE = YES_ERROR;
				GCC_WARN_UNDECLARED_SELECTOR = YES;
				GCC_WARN_UNINITIALIZED_AUTOS = YES_AGGRESSIVE;
				GCC_WARN_UNUSED_FUNCTION = YES;
				GCC_WARN_UNUSED_VARIABLE = YES;
				LOCALIZATION_PREFERS_STRING_CATALOGS = YES;
				MTL_ENABLE_DEBUG_INFO = INCLUDE_SOURCE;
				MTL_FAST_MATH = YES;
				ONLY_ACTIVE_ARCH = YES;
				SWIFT_ACTIVE_COMPILATION_CONDITIONS = "DEBUG $(inherited)";
				SWIFT_OPTIMIZATION_LEVEL = "-Onone";
			};
			name = Debug;
		};
		56DD0EC72C2F690C00A52382 /* Release */ = {
			isa = XCBuildConfiguration;
			buildSettings = {
				ALWAYS_SEARCH_USER_PATHS = NO;
				ASSETCATALOG_COMPILER_GENERATE_SWIFT_ASSET_SYMBOL_EXTENSIONS = YES;
				CLANG_ANALYZER_NONNULL = YES;
				CLANG_ANALYZER_NUMBER_OBJECT_CONVERSION = YES_AGGRESSIVE;
				CLANG_CXX_LANGUAGE_STANDARD = "gnu++20";
				CLANG_ENABLE_MODULES = YES;
				CLANG_ENABLE_OBJC_ARC = YES;
				CLANG_ENABLE_OBJC_WEAK = YES;
				CLANG_WARN_BLOCK_CAPTURE_AUTORELEASING = YES;
				CLANG_WARN_BOOL_CONVERSION = YES;
				CLANG_WARN_COMMA = YES;
				CLANG_WARN_CONSTANT_CONVERSION = YES;
				CLANG_WARN_DEPRECATED_OBJC_IMPLEMENTATIONS = YES;
				CLANG_WARN_DIRECT_OBJC_ISA_USAGE = YES_ERROR;
				CLANG_WARN_DOCUMENTATION_COMMENTS = YES;
				CLANG_WARN_EMPTY_BODY = YES;
				CLANG_WARN_ENUM_CONVERSION = YES;
				CLANG_WARN_INFINITE_RECURSION = YES;
				CLANG_WARN_INT_CONVERSION = YES;
				CLANG_WARN_NON_LITERAL_NULL_CONVERSION = YES;
				CLANG_WARN_OBJC_IMPLICIT_RETAIN_SELF = YES;
				CLANG_WARN_OBJC_LITERAL_CONVERSION = YES;
				CLANG_WARN_OBJC_ROOT_CLASS = YES_ERROR;
				CLANG_WARN_QUOTED_INCLUDE_IN_FRAMEWORK_HEADER = YES;
				CLANG_WARN_RANGE_LOOP_ANALYSIS = YES;
				CLANG_WARN_STRICT_PROTOTYPES = YES;
				CLANG_WARN_SUSPICIOUS_MOVE = YES;
				CLANG_WARN_UNGUARDED_AVAILABILITY = YES_AGGRESSIVE;
				CLANG_WARN_UNREACHABLE_CODE = YES;
				CLANG_WARN__DUPLICATE_METHOD_MATCH = YES;
				COPY_PHASE_STRIP = NO;
				DEAD_CODE_STRIPPING = YES;
				DEBUG_INFORMATION_FORMAT = "dwarf-with-dsym";
				ENABLE_NS_ASSERTIONS = NO;
				ENABLE_STRICT_OBJC_MSGSEND = YES;
				ENABLE_USER_SCRIPT_SANDBOXING = YES;
				GCC_C_LANGUAGE_STANDARD = gnu17;
				GCC_NO_COMMON_BLOCKS = YES;
				GCC_WARN_64_TO_32_BIT_CONVERSION = YES;
				GCC_WARN_ABOUT_RETURN_TYPE = YES_ERROR;
				GCC_WARN_UNDECLARED_SELECTOR = YES;
				GCC_WARN_UNINITIALIZED_AUTOS = YES_AGGRESSIVE;
				GCC_WARN_UNUSED_FUNCTION = YES;
				GCC_WARN_UNUSED_VARIABLE = YES;
				LOCALIZATION_PREFERS_STRING_CATALOGS = YES;
				MTL_ENABLE_DEBUG_INFO = NO;
				MTL_FAST_MATH = YES;
				SWIFT_COMPILATION_MODE = wholemodule;
			};
			name = Release;
		};
		56DD0EC92C2F690C00A52382 /* Debug */ = {
			isa = XCBuildConfiguration;
			buildSettings = {
				ASSETCATALOG_COMPILER_APPICON_NAME = AppIcon;
				ASSETCATALOG_COMPILER_GLOBAL_ACCENT_COLOR_NAME = AccentColor;
				CODE_SIGN_ENTITLEMENTS = FB14083137/FB14083137.entitlements;
				CODE_SIGN_STYLE = Automatic;
				CURRENT_PROJECT_VERSION = 1;
				DEAD_CODE_STRIPPING = YES;
				DEVELOPMENT_ASSET_PATHS = "\"FB14083137/Preview Content\"";
				DEVELOPMENT_TEAM = P378RHHQ5V;
				ENABLE_HARDENED_RUNTIME = YES;
				ENABLE_PREVIEWS = YES;
				GENERATE_INFOPLIST_FILE = YES;
				"INFOPLIST_KEY_UIApplicationSceneManifest_Generation[sdk=iphoneos*]" = YES;
				"INFOPLIST_KEY_UIApplicationSceneManifest_Generation[sdk=iphonesimulator*]" = YES;
				"INFOPLIST_KEY_UIApplicationSupportsIndirectInputEvents[sdk=iphoneos*]" = YES;
				"INFOPLIST_KEY_UIApplicationSupportsIndirectInputEvents[sdk=iphonesimulator*]" = YES;
				"INFOPLIST_KEY_UILaunchScreen_Generation[sdk=iphoneos*]" = YES;
				"INFOPLIST_KEY_UILaunchScreen_Generation[sdk=iphonesimulator*]" = YES;
				"INFOPLIST_KEY_UIStatusBarStyle[sdk=iphoneos*]" = UIStatusBarStyleDefault;
				"INFOPLIST_KEY_UIStatusBarStyle[sdk=iphonesimulator*]" = UIStatusBarStyleDefault;
				INFOPLIST_KEY_UISupportedInterfaceOrientations_iPad = "UIInterfaceOrientationPortrait UIInterfaceOrientationPortraitUpsideDown UIInterfaceOrientationLandscapeLeft UIInterfaceOrientationLandscapeRight";
				INFOPLIST_KEY_UISupportedInterfaceOrientations_iPhone = "UIInterfaceOrientationPortrait UIInterfaceOrientationLandscapeLeft UIInterfaceOrientationLandscapeRight";
				IPHONEOS_DEPLOYMENT_TARGET = 17.5;
				LD_RUNPATH_SEARCH_PATHS = "@executable_path/Frameworks";
				"LD_RUNPATH_SEARCH_PATHS[sdk=macosx*]" = "@executable_path/../Frameworks";
				MACOSX_DEPLOYMENT_TARGET = 15.0;
				MARKETING_VERSION = 1.0;
				PRODUCT_BUNDLE_IDENTIFIER = speedsolutions.com.au.FB14083137;
				PRODUCT_NAME = "$(TARGET_NAME)";
				SDKROOT = auto;
				SUPPORTED_PLATFORMS = "iphoneos iphonesimulator macosx xros xrsimulator";
				SWIFT_EMIT_LOC_STRINGS = YES;
				SWIFT_VERSION = 5.0;
				TARGETED_DEVICE_FAMILY = "1,2,7";
				XROS_DEPLOYMENT_TARGET = 2.0;
			};
			name = Debug;
		};
		56DD0ECA2C2F690C00A52382 /* Release */ = {
			isa = XCBuildConfiguration;
			buildSettings = {
				ASSETCATALOG_COMPILER_APPICON_NAME = AppIcon;
				ASSETCATALOG_COMPILER_GLOBAL_ACCENT_COLOR_NAME = AccentColor;
				CODE_SIGN_ENTITLEMENTS = FB14083137/FB14083137.entitlements;
				CODE_SIGN_STYLE = Automatic;
				CURRENT_PROJECT_VERSION = 1;
				DEAD_CODE_STRIPPING = YES;
				DEVELOPMENT_ASSET_PATHS = "\"FB14083137/Preview Content\"";
				DEVELOPMENT_TEAM = P378RHHQ5V;
				ENABLE_HARDENED_RUNTIME = YES;
				ENABLE_PREVIEWS = YES;
				GENERATE_INFOPLIST_FILE = YES;
				"INFOPLIST_KEY_UIApplicationSceneManifest_Generation[sdk=iphoneos*]" = YES;
				"INFOPLIST_KEY_UIApplicationSceneManifest_Generation[sdk=iphonesimulator*]" = YES;
				"INFOPLIST_KEY_UIApplicationSupportsIndirectInputEvents[sdk=iphoneos*]" = YES;
				"INFOPLIST_KEY_UIApplicationSupportsIndirectInputEvents[sdk=iphonesimulator*]" = YES;
				"INFOPLIST_KEY_UILaunchScreen_Generation[sdk=iphoneos*]" = YES;
				"INFOPLIST_KEY_UILaunchScreen_Generation[sdk=iphonesimulator*]" = YES;
				"INFOPLIST_KEY_UIStatusBarStyle[sdk=iphoneos*]" = UIStatusBarStyleDefault;
				"INFOPLIST_KEY_UIStatusBarStyle[sdk=iphonesimulator*]" = UIStatusBarStyleDefault;
				INFOPLIST_KEY_UISupportedInterfaceOrientations_iPad = "UIInterfaceOrientationPortrait UIInterfaceOrientationPortraitUpsideDown UIInterfaceOrientationLandscapeLeft UIInterfaceOrientationLandscapeRight";
				INFOPLIST_KEY_UISupportedInterfaceOrientations_iPhone = "UIInterfaceOrientationPortrait UIInterfaceOrientationLandscapeLeft UIInterfaceOrientationLandscapeRight";
				IPHONEOS_DEPLOYMENT_TARGET = 17.5;
				LD_RUNPATH_SEARCH_PATHS = "@executable_path/Frameworks";
				"LD_RUNPATH_SEARCH_PATHS[sdk=macosx*]" = "@executable_path/../Frameworks";
				MACOSX_DEPLOYMENT_TARGET = 15.0;
				MARKETING_VERSION = 1.0;
				PRODUCT_BUNDLE_IDENTIFIER = speedsolutions.com.au.FB14083137;
				PRODUCT_NAME = "$(TARGET_NAME)";
				SDKROOT = auto;
				SUPPORTED_PLATFORMS = "iphoneos iphonesimulator macosx xros xrsimulator";
				SWIFT_EMIT_LOC_STRINGS = YES;
				SWIFT_VERSION = 5.0;
				TARGETED_DEVICE_FAMILY = "1,2,7";
				XROS_DEPLOYMENT_TARGET = 2.0;
			};
			name = Release;
		};
		56DD0ECC2C2F690C00A52382 /* Debug */ = {
			isa = XCBuildConfiguration;
			buildSettings = {
				BUNDLE_LOADER = "$(TEST_HOST)";
				CODE_SIGN_STYLE = Automatic;
				CURRENT_PROJECT_VERSION = 1;
				DEAD_CODE_STRIPPING = YES;
				DEVELOPMENT_TEAM = P378RHHQ5V;
				GENERATE_INFOPLIST_FILE = YES;
				IPHONEOS_DEPLOYMENT_TARGET = 17.5;
				MACOSX_DEPLOYMENT_TARGET = 15.0;
				MARKETING_VERSION = 1.0;
				PRODUCT_BUNDLE_IDENTIFIER = speedsolutions.com.au.FB14083137Tests;
				PRODUCT_NAME = "$(TARGET_NAME)";
				SDKROOT = auto;
				SUPPORTED_PLATFORMS = "iphoneos iphonesimulator macosx xros xrsimulator";
				SWIFT_EMIT_LOC_STRINGS = NO;
				SWIFT_VERSION = 5.0;
				TARGETED_DEVICE_FAMILY = "1,2,7";
				TEST_HOST = "$(BUILT_PRODUCTS_DIR)/FB14083137.app/$(BUNDLE_EXECUTABLE_FOLDER_PATH)/FB14083137";
				XROS_DEPLOYMENT_TARGET = 2.0;
			};
			name = Debug;
		};
		56DD0ECD2C2F690C00A52382 /* Release */ = {
			isa = XCBuildConfiguration;
			buildSettings = {
				BUNDLE_LOADER = "$(TEST_HOST)";
				CODE_SIGN_STYLE = Automatic;
				CURRENT_PROJECT_VERSION = 1;
				DEAD_CODE_STRIPPING = YES;
				DEVELOPMENT_TEAM = P378RHHQ5V;
				GENERATE_INFOPLIST_FILE = YES;
				IPHONEOS_DEPLOYMENT_TARGET = 17.5;
				MACOSX_DEPLOYMENT_TARGET = 15.0;
				MARKETING_VERSION = 1.0;
				PRODUCT_BUNDLE_IDENTIFIER = speedsolutions.com.au.FB14083137Tests;
				PRODUCT_NAME = "$(TARGET_NAME)";
				SDKROOT = auto;
				SUPPORTED_PLATFORMS = "iphoneos iphonesimulator macosx xros xrsimulator";
				SWIFT_EMIT_LOC_STRINGS = NO;
				SWIFT_VERSION = 5.0;
				TARGETED_DEVICE_FAMILY = "1,2,7";
				TEST_HOST = "$(BUILT_PRODUCTS_DIR)/FB14083137.app/$(BUNDLE_EXECUTABLE_FOLDER_PATH)/FB14083137";
				XROS_DEPLOYMENT_TARGET = 2.0;
			};
			name = Release;
		};
		56DD0ECF2C2F690C00A52382 /* Debug */ = {
			isa = XCBuildConfiguration;
			buildSettings = {
				CODE_SIGN_STYLE = Automatic;
				CURRENT_PROJECT_VERSION = 1;
				DEAD_CODE_STRIPPING = YES;
				DEVELOPMENT_TEAM = P378RHHQ5V;
				GENERATE_INFOPLIST_FILE = YES;
				IPHONEOS_DEPLOYMENT_TARGET = 17.5;
				MACOSX_DEPLOYMENT_TARGET = 15.0;
				MARKETING_VERSION = 1.0;
				PRODUCT_BUNDLE_IDENTIFIER = speedsolutions.com.au.FB14083137UITests;
				PRODUCT_NAME = "$(TARGET_NAME)";
				SDKROOT = auto;
				SUPPORTED_PLATFORMS = "iphoneos iphonesimulator macosx xros xrsimulator";
				SWIFT_EMIT_LOC_STRINGS = NO;
				SWIFT_VERSION = 5.0;
				TARGETED_DEVICE_FAMILY = "1,2,7";
				TEST_TARGET_NAME = FB14083137;
				XROS_DEPLOYMENT_TARGET = 2.0;
			};
			name = Debug;
		};
		56DD0ED02C2F690C00A52382 /* Release */ = {
			isa = XCBuildConfiguration;
			buildSettings = {
				CODE_SIGN_STYLE = Automatic;
				CURRENT_PROJECT_VERSION = 1;
				DEAD_CODE_STRIPPING = YES;
				DEVELOPMENT_TEAM = P378RHHQ5V;
				GENERATE_INFOPLIST_FILE = YES;
				IPHONEOS_DEPLOYMENT_TARGET = 17.5;
				MACOSX_DEPLOYMENT_TARGET = 15.0;
				MARKETING_VERSION = 1.0;
				PRODUCT_BUNDLE_IDENTIFIER = speedsolutions.com.au.FB14083137UITests;
				PRODUCT_NAME = "$(TARGET_NAME)";
				SDKROOT = auto;
				SUPPORTED_PLATFORMS = "iphoneos iphonesimulator macosx xros xrsimulator";
				SWIFT_EMIT_LOC_STRINGS = NO;
				SWIFT_VERSION = 5.0;
				TARGETED_DEVICE_FAMILY = "1,2,7";
				TEST_TARGET_NAME = FB14083137;
				XROS_DEPLOYMENT_TARGET = 2.0;
			};
			name = Release;
		};
/* End XCBuildConfiguration section */

/* Begin XCConfigurationList section */
		56DD0E9C2C2F690A00A52382 /* Build configuration list for PBXProject "FB14083137" */ = {
			isa = XCConfigurationList;
			buildConfigurations = (
				56DD0EC62C2F690C00A52382 /* Debug */,
				56DD0EC72C2F690C00A52382 /* Release */,
			);
			defaultConfigurationIsVisible = 0;
			defaultConfigurationName = Release;
		};
		56DD0EC82C2F690C00A52382 /* Build configuration list for PBXNativeTarget "FB14083137" */ = {
			isa = XCConfigurationList;
			buildConfigurations = (
				56DD0EC92C2F690C00A52382 /* Debug */,
				56DD0ECA2C2F690C00A52382 /* Release */,
			);
			defaultConfigurationIsVisible = 0;
			defaultConfigurationName = Release;
		};
		56DD0ECB2C2F690C00A52382 /* Build configuration list for PBXNativeTarget "FB14083137Tests" */ = {
			isa = XCConfigurationList;
			buildConfigurations = (
				56DD0ECC2C2F690C00A52382 /* Debug */,
				56DD0ECD2C2F690C00A52382 /* Release */,
			);
			defaultConfigurationIsVisible = 0;
			defaultConfigurationName = Release;
		};
		56DD0ECE2C2F690C00A52382 /* Build configuration list for PBXNativeTarget "FB14083137UITests" */ = {
			isa = XCConfigurationList;
			buildConfigurations = (
				56DD0ECF2C2F690C00A52382 /* Debug */,
				56DD0ED02C2F690C00A52382 /* Release */,
			);
			defaultConfigurationIsVisible = 0;
			defaultConfigurationName = Release;
		};
/* End XCConfigurationList section */
	};
	rootObject = 56DD0E992C2F690A00A52382 /* Project object */;
}
